{
    "requires": true,
    "lockfileVersion": 1,
    "dependencies": {
        "cropper": {
            "version": "3.1.3",
            "resolved": "https://registry.npmjs.org/cropper/-/cropper-3.1.3.tgz",
            "integrity": "sha512-k+bc22bDcemuaa2CV2kxF0eTsPX0dcH+VcE02YBULw1Y+VRvd6wAdC3i0YwJbfdcufbvZBytqt09lNJBz1/MHA=="
        }
    }
}
